// !$*UTF8*$!
{
	archiveVersion = 1;
	classes = {
	};
	objectVersion = 77;
	objects = {

/* Begin PBXContainerItemProxy section */
		052BA94E2D1917DA001B5896 /* PBXContainerItemProxy */ = {
			isa = PBXContainerItemProxy;
			containerPortal = 052BA9342D1917D9001B5896 /* Project object */;
			proxyType = 1;
			remoteGlobalIDString = 052BA93B2D1917D9001B5896;
			remoteInfo = floating_todo;
		};
		052BA9582D1917DA001B5896 /* PBXContainerItemProxy */ = {
			isa = PBXContainerItemProxy;
			containerPortal = 052BA9342D1917D9001B5896 /* Project object */;
			proxyType = 1;
			remoteGlobalIDString = 052BA93B2D1917D9001B5896;
			remoteInfo = floating_todo;
		};
/* End PBXContainerItemProxy section */

/* Begin PBXFileReference section */
		052BA93C2D1917D9001B5896 /* floating_todo.app */ = {isa = PBXFileReference; explicitFileType = wrapper.application; includeInIndex = 0; path = floating_todo.app; sourceTree = BUILT_PRODUCTS_DIR; };
		052BA94D2D1917DA001B5896 /* floating_todoTests.xctest */ = {isa = PBXFileReference; explicitFileType = wrapper.cfbundle; includeInIndex = 0; path = floating_todoTests.xctest; sourceTree = BUILT_PRODUCTS_DIR; };
		052BA9572D1917DA001B5896 /* floating_todoUITests.xctest */ = {isa = PBXFileReference; explicitFileType = wrapper.cfbundle; includeInIndex = 0; path = floating_todoUITests.xctest; sourceTree = BUILT_PRODUCTS_DIR; };
/* End PBXFileReference section */

/* Begin PBXFileSystemSynchronizedRootGroup section */
		052BA93E2D1917D9001B5896 /* floating_todo */ = {
			isa = PBXFileSystemSynchronizedRootGroup;
			path = floating_todo;
			sourceTree = "<group>";
		};
		052BA9502D1917DA001B5896 /* floating_todoTests */ = {
			isa = PBXFileSystemSynchronizedRootGroup;
			path = floating_todoTests;
			sourceTree = "<group>";
		};
		052BA95A2D1917DA001B5896 /* floating_todoUITests */ = {
			isa = PBXFileSystemSynchronizedRootGroup;
			path = floating_todoUITests;
			sourceTree = "<group>";
		};
/* End PBXFileSystemSynchronizedRootGroup section */

/* Begin PBXFrameworksBuildPhase section */
		052BA9392D1917D9001B5896 /* Frameworks */ = {
			isa = PBXFrameworksBuildPhase;
			buildActionMask = 2147483647;
			files = (
			);
			runOnlyForDeploymentPostprocessing = 0;
		};
		052BA94A2D1917DA001B5896 /* Frameworks */ = {
			isa = PBXFrameworksBuildPhase;
			buildActionMask = 2147483647;
			files = (
			);
			runOnlyForDeploymentPostprocessing = 0;
		};
		052BA9542D1917DA001B5896 /* Frameworks */ = {
			isa = PBXFrameworksBuildPhase;
			buildActionMask = 2147483647;
			files = (
			);
			runOnlyForDeploymentPostprocessing = 0;
		};
/* End PBXFrameworksBuildPhase section */

/* Begin PBXGroup section */
		052BA9332D1917D9001B5896 = {
			isa = PBXGroup;
			children = (
				052BA93E2D1917D9001B5896 /* floating_todo */,
				052BA9502D1917DA001B5896 /* floating_todoTests */,
				052BA95A2D1917DA001B5896 /* floating_todoUITests */,
				052BA93D2D1917D9001B5896 /* Products */,
			);
			sourceTree = "<group>";
		};
		052BA93D2D1917D9001B5896 /* Products */ = {
			isa = PBXGroup;
			children = (
				052BA93C2D1917D9001B5896 /* floating_todo.app */,
				052BA94D2D1917DA001B5896 /* floating_todoTests.xctest */,
				052BA9572D1917DA001B5896 /* floating_todoUITests.xctest */,
			);
			name = Products;
			sourceTree = "<group>";
		};
/* End PBXGroup section */

/* Begin PBXNativeTarget section */
		052BA93B2D1917D9001B5896 /* floating_todo */ = {
			isa = PBXNativeTarget;
			buildConfigurationList = 052BA9612D1917DA001B5896 /* Build configuration list for PBXNativeTarget "floating_todo" */;
			buildPhases = (
				052BA9382D1917D9001B5896 /* Sources */,
				052BA9392D1917D9001B5896 /* Frameworks */,
				052BA93A2D1917D9001B5896 /* Resources */,
			);
			buildRules = (
			);
			dependencies = (
			);
			fileSystemSynchronizedGroups = (
				052BA93E2D1917D9001B5896 /* floating_todo */,
			);
			name = floating_todo;
			packageProductDependencies = (
			);
			productName = floating_todo;
			productReference = 052BA93C2D1917D9001B5896 /* floating_todo.app */;
			productType = "com.apple.product-type.application";
		};
		052BA94C2D1917DA001B5896 /* floating_todoTests */ = {
			isa = PBXNativeTarget;
			buildConfigurationList = 052BA9642D1917DA001B5896 /* Build configuration list for PBXNativeTarget "floating_todoTests" */;
			buildPhases = (
				052BA9492D1917DA001B5896 /* Sources */,
				052BA94A2D1917DA001B5896 /* Frameworks */,
				052BA94B2D1917DA001B5896 /* Resources */,
			);
			buildRules = (
			);
			dependencies = (
				052BA94F2D1917DA001B5896 /* PBXTargetDependency */,
			);
			fileSystemSynchronizedGroups = (
				052BA9502D1917DA001B5896 /* floating_todoTests */,
			);
			name = floating_todoTests;
			packageProductDependencies = (
			);
			productName = floating_todoTests;
			productReference = 052BA94D2D1917DA001B5896 /* floating_todoTests.xctest */;
			productType = "com.apple.product-type.bundle.unit-test";
		};
		052BA9562D1917DA001B5896 /* floating_todoUITests */ = {
			isa = PBXNativeTarget;
			buildConfigurationList = 052BA9672D1917DA001B5896 /* Build configuration list for PBXNativeTarget "floating_todoUITests" */;
			buildPhases = (
				052BA9532D1917DA001B5896 /* Sources */,
				052BA9542D1917DA001B5896 /* Frameworks */,
				052BA9552D1917DA001B5896 /* Resources */,
			);
			buildRules = (
			);
			dependencies = (
				052BA9592D1917DA001B5896 /* PBXTargetDependency */,
			);
			fileSystemSynchronizedGroups = (
				052BA95A2D1917DA001B5896 /* floating_todoUITests */,
			);
			name = floating_todoUITests;
			packageProductDependencies = (
			);
			productName = floating_todoUITests;
			productReference = 052BA9572D1917DA001B5896 /* floating_todoUITests.xctest */;
			productType = "com.apple.product-type.bundle.ui-testing";
		};
/* End PBXNativeTarget section */

/* Begin PBXProject section */
		052BA9342D1917D9001B5896 /* Project object */ = {
			isa = PBXProject;
			attributes = {
				BuildIndependentTargetsInParallel = 1;
				LastSwiftUpdateCheck = 1620;
				LastUpgradeCheck = 1620;
				TargetAttributes = {
					052BA93B2D1917D9001B5896 = {
						CreatedOnToolsVersion = 16.2;
					};
					052BA94C2D1917DA001B5896 = {
						CreatedOnToolsVersion = 16.2;
						TestTargetID = 052BA93B2D1917D9001B5896;
					};
					052BA9562D1917DA001B5896 = {
						CreatedOnToolsVersion = 16.2;
						TestTargetID = 052BA93B2D1917D9001B5896;
					};
				};
			};
			buildConfigurationList = 052BA9372D1917D9001B5896 /* Build configuration list for PBXProject "floating_todo" */;
			developmentRegion = en;
			hasScannedForEncodings = 0;
			knownRegions = (
				en,
				Base,
			);
			mainGroup = 052BA9332D1917D9001B5896;
			minimizedProjectReferenceProxies = 1;
			preferredProjectObjectVersion = 77;
			productRefGroup = 052BA93D2D1917D9001B5896 /* Products */;
			projectDirPath = "";
			projectRoot = "";
			targets = (
				052BA93B2D1917D9001B5896 /* floating_todo */,
				052BA94C2D1917DA001B5896 /* floating_todoTests */,
				052BA9562D1917DA001B5896 /* floating_todoUITests */,
			);
		};
/* End PBXProject section */

/* Begin PBXResourcesBuildPhase section */
		052BA93A2D1917D9001B5896 /* Resources */ = {
			isa = PBXResourcesBuildPhase;
			buildActionMask = 2147483647;
			files = (
			);
			runOnlyForDeploymentPostprocessing = 0;
		};
		052BA94B2D1917DA001B5896 /* Resources */ = {
			isa = PBXResourcesBuildPhase;
			buildActionMask = 2147483647;
			files = (
			);
			runOnlyForDeploymentPostprocessing = 0;
		};
		052BA9552D1917DA001B5896 /* Resources */ = {
			isa = PBXResourcesBuildPhase;
			buildActionMask = 2147483647;
			files = (
			);
			runOnlyForDeploymentPostprocessing = 0;
		};
/* End PBXResourcesBuildPhase section */

/* Begin PBXSourcesBuildPhase section */
		052BA9382D1917D9001B5896 /* Sources */ = {
			isa = PBXSourcesBuildPhase;
			buildActionMask = 2147483647;
			files = (
			);
			runOnlyForDeploymentPostprocessing = 0;
		};
		052BA9492D1917DA001B5896 /* Sources */ = {
			isa = PBXSourcesBuildPhase;
			buildActionMask = 2147483647;
			files = (
			);
			runOnlyForDeploymentPostprocessing = 0;
		};
		052BA9532D1917DA001B5896 /* Sources */ = {
			isa = PBXSourcesBuildPhase;
			buildActionMask = 2147483647;
			files = (
			);
			runOnlyForDeploymentPostprocessing = 0;
		};
/* End PBXSourcesBuildPhase section */

/* Begin PBXTargetDependency section */
		052BA94F2D1917DA001B5896 /* PBXTargetDependency */ = {
			isa = PBXTargetDependency;
			target = 052BA93B2D1917D9001B5896 /* floating_todo */;
			targetProxy = 052BA94E2D1917DA001B5896 /* PBXContainerItemProxy */;
		};
		052BA9592D1917DA001B5896 /* PBXTargetDependency */ = {
			isa = PBXTargetDependency;
			target = 052BA93B2D1917D9001B5896 /* floating_todo */;
			targetProxy = 052BA9582D1917DA001B5896 /* PBXContainerItemProxy */;
		};
/* End PBXTargetDependency section */

/* Begin XCBuildConfiguration section */
		052BA95F2D1917DA001B5896 /* Debug */ = {
			isa = XCBuildConfiguration;
			buildSettings = {
				ALWAYS_SEARCH_USER_PATHS = NO;
				ASSETCATALOG_COMPILER_GENERATE_SWIFT_ASSET_SYMBOL_EXTENSIONS = YES;
				CLANG_ANALYZER_NONNULL = YES;
				CLANG_ANALYZER_NUMBER_OBJECT_CONVERSION = YES_AGGRESSIVE;
				CLANG_CXX_LANGUAGE_STANDARD = "gnu++20";
				CLANG_ENABLE_MODULES = YES;
				CLANG_ENABLE_OBJC_ARC = YES;
				CLANG_ENABLE_OBJC_WEAK = YES;
				CLANG_WARN_BLOCK_CAPTURE_AUTORELEASING = YES;
				CLANG_WARN_BOOL_CONVERSION = YES;
				CLANG_WARN_COMMA = YES;
				CLANG_WARN_CONSTANT_CONVERSION = YES;
				CLANG_WARN_DEPRECATED_OBJC_IMPLEMENTATIONS = YES;
				CLANG_WARN_DIRECT_OBJC_ISA_USAGE = YES_ERROR;
				CLANG_WARN_DOCUMENTATION_COMMENTS = YES;
				CLANG_WARN_EMPTY_BODY = YES;
				CLANG_WARN_ENUM_CONVERSION = YES;
				CLANG_WARN_INFINITE_RECURSION = YES;
				CLANG_WARN_INT_CONVERSION = YES;
				CLANG_WARN_NON_LITERAL_NULL_CONVERSION = YES;
				CLANG_WARN_OBJC_IMPLICIT_RETAIN_SELF = YES;
				CLANG_WARN_OBJC_LITERAL_CONVERSION = YES;
				CLANG_WARN_OBJC_ROOT_CLASS = YES_ERROR;
				CLANG_WARN_QUOTED_INCLUDE_IN_FRAMEWORK_HEADER = YES;
				CLANG_WARN_RANGE_LOOP_ANALYSIS = YES;
				CLANG_WARN_STRICT_PROTOTYPES = YES;
				CLANG_WARN_SUSPICIOUS_MOVE = YES;
				CLANG_WARN_UNGUARDED_AVAILABILITY = YES_AGGRESSIVE;
				CLANG_WARN_UNREACHABLE_CODE = YES;
				CLANG_WARN__DUPLICATE_METHOD_MATCH = YES;
				COPY_PHASE_STRIP = NO;
				DEBUG_INFORMATION_FORMAT = dwarf;
				ENABLE_STRICT_OBJC_MSGSEND = YES;
				ENABLE_TESTABILITY = YES;
				ENABLE_USER_SCRIPT_SANDBOXING = YES;
				GCC_C_LANGUAGE_STANDARD = gnu17;
				GCC_DYNAMIC_NO_PIC = NO;
				GCC_NO_COMMON_BLOCKS = YES;
				GCC_OPTIMIZATION_LEVEL = 0;
				GCC_PREPROCESSOR_DEFINITIONS = (
					"DEBUG=1",
					"$(inherited)",
				);
				GCC_WARN_64_TO_32_BIT_CONVERSION = YES;
				GCC_WARN_ABOUT_RETURN_TYPE = YES_ERROR;
				GCC_WARN_UNDECLARED_SELECTOR = YES;
				GCC_WARN_UNINITIALIZED_AUTOS = YES_AGGRESSIVE;
				GCC_WARN_UNUSED_FUNCTION = YES;
				GCC_WARN_UNUSED_VARIABLE = YES;
				LOCALIZATION_PREFERS_STRING_CATALOGS = YES;
				MACOSX_DEPLOYMENT_TARGET = 14.7;
				MTL_ENABLE_DEBUG_INFO = INCLUDE_SOURCE;
				MTL_FAST_MATH = YES;
				ONLY_ACTIVE_ARCH = YES;
				SDKROOT = macosx;
				SWIFT_ACTIVE_COMPILATION_CONDITIONS = "DEBUG $(inherited)";
				SWIFT_OPTIMIZATION_LEVEL = "-Onone";
			};
			name = Debug;
		};
		052BA9602D1917DA001B5896 /* Release */ = {
			isa = XCBuildConfiguration;
			buildSettings = {
				ALWAYS_SEARCH_USER_PATHS = NO;
				ASSETCATALOG_COMPILER_GENERATE_SWIFT_ASSET_SYMBOL_EXTENSIONS = YES;
				CLANG_ANALYZER_NONNULL = YES;
				CLANG_ANALYZER_NUMBER_OBJECT_CONVERSION = YES_AGGRESSIVE;
				CLANG_CXX_LANGUAGE_STANDARD = "gnu++20";
				CLANG_ENABLE_MODULES = YES;
				CLANG_ENABLE_OBJC_ARC = YES;
				CLANG_ENABLE_OBJC_WEAK = YES;
				CLANG_WARN_BLOCK_CAPTURE_AUTORELEASING = YES;
				CLANG_WARN_BOOL_CONVERSION = YES;
				CLANG_WARN_COMMA = YES;
				CLANG_WARN_CONSTANT_CONVERSION = YES;
				CLANG_WARN_DEPRECATED_OBJC_IMPLEMENTATIONS = YES;
				CLANG_WARN_DIRECT_OBJC_ISA_USAGE = YES_ERROR;
				CLANG_WARN_DOCUMENTATION_COMMENTS = YES;
				CLANG_WARN_EMPTY_BODY = YES;
				CLANG_WARN_ENUM_CONVERSION = YES;
				CLANG_WARN_INFINITE_RECURSION = YES;
				CLANG_WARN_INT_CONVERSION = YES;
				CLANG_WARN_NON_LITERAL_NULL_CONVERSION = YES;
				CLANG_WARN_OBJC_IMPLICIT_RETAIN_SELF = YES;
				CLANG_WARN_OBJC_LITERAL_CONVERSION = YES;
				CLANG_WARN_OBJC_ROOT_CLASS = YES_ERROR;
				CLANG_WARN_QUOTED_INCLUDE_IN_FRAMEWORK_HEADER = YES;
				CLANG_WARN_RANGE_LOOP_ANALYSIS = YES;
				CLANG_WARN_STRICT_PROTOTYPES = YES;
				CLANG_WARN_SUSPICIOUS_MOVE = YES;
				CLANG_WARN_UNGUARDED_AVAILABILITY = YES_AGGRESSIVE;
				CLANG_WARN_UNREACHABLE_CODE = YES;
				CLANG_WARN__DUPLICATE_METHOD_MATCH = YES;
				COPY_PHASE_STRIP = NO;
				DEBUG_INFORMATION_FORMAT = "dwarf-with-dsym";
				ENABLE_NS_ASSERTIONS = NO;
				ENABLE_STRICT_OBJC_MSGSEND = YES;
				ENABLE_USER_SCRIPT_SANDBOXING = YES;
				GCC_C_LANGUAGE_STANDARD = gnu17;
				GCC_NO_COMMON_BLOCKS = YES;
				GCC_WARN_64_TO_32_BIT_CONVERSION = YES;
				GCC_WARN_ABOUT_RETURN_TYPE = YES_ERROR;
				GCC_WARN_UNDECLARED_SELECTOR = YES;
				GCC_WARN_UNINITIALIZED_AUTOS = YES_AGGRESSIVE;
				GCC_WARN_UNUSED_FUNCTION = YES;
				GCC_WARN_UNUSED_VARIABLE = YES;
				LOCALIZATION_PREFERS_STRING_CATALOGS = YES;
				MACOSX_DEPLOYMENT_TARGET = 14.7;
				MTL_ENABLE_DEBUG_INFO = NO;
				MTL_FAST_MATH = YES;
				SDKROOT = macosx;
				SWIFT_COMPILATION_MODE = wholemodule;
			};
			name = Release;
		};
		052BA9622D1917DA001B5896 /* Debug */ = {
			isa = XCBuildConfiguration;
			buildSettings = {
				ASSETCATALOG_COMPILER_APPICON_NAME = AppIcon;
				ASSETCATALOG_COMPILER_GLOBAL_ACCENT_COLOR_NAME = AccentColor;
				CODE_SIGN_ENTITLEMENTS = floating_todo/floating_todo.entitlements;
				CODE_SIGN_STYLE = Automatic;
				COMBINE_HIDPI_IMAGES = YES;
				CURRENT_PROJECT_VERSION = 1;
				DEVELOPMENT_ASSET_PATHS = "\"floating_todo/Preview Content\"";
				ENABLE_PREVIEWS = YES;
				GENERATE_INFOPLIST_FILE = YES;
				INFOPLIST_KEY_NSHumanReadableCopyright = "";
				LD_RUNPATH_SEARCH_PATHS = (
					"$(inherited)",
					"@executable_path/../Frameworks",
				);
				MARKETING_VERSION = 1.0;
				PRODUCT_BUNDLE_IDENTIFIER = "com.xinyu.floating-todo";
				PRODUCT_NAME = "$(TARGET_NAME)";
				SWIFT_EMIT_LOC_STRINGS = YES;
				SWIFT_VERSION = 5.0;
			};
			name = Debug;
		};
		052BA9632D1917DA001B5896 /* Release */ = {
			isa = XCBuildConfiguration;
			buildSettings = {
				ASSETCATALOG_COMPILER_APPICON_NAME = AppIcon;
				ASSETCATALOG_COMPILER_GLOBAL_ACCENT_COLOR_NAME = AccentColor;
				CODE_SIGN_ENTITLEMENTS = floating_todo/floating_todo.entitlements;
				CODE_SIGN_STYLE = Automatic;
				COMBINE_HIDPI_IMAGES = YES;
				CURRENT_PROJECT_VERSION = 1;
				DEVELOPMENT_ASSET_PATHS = "\"floating_todo/Preview Content\"";
				ENABLE_PREVIEWS = YES;
				GENERATE_INFOPLIST_FILE = YES;
				INFOPLIST_KEY_NSHumanReadableCopyright = "";
				LD_RUNPATH_SEARCH_PATHS = (
					"$(inherited)",
					"@executable_path/../Frameworks",
				);
				MARKETING_VERSION = 1.0;
				PRODUCT_BUNDLE_IDENTIFIER = "com.xinyu.floating-todo";
				PRODUCT_NAME = "$(TARGET_NAME)";
				SWIFT_EMIT_LOC_STRINGS = YES;
				SWIFT_VERSION = 5.0;
			};
			name = Release;
		};
		052BA9652D1917DA001B5896 /* Debug */ = {
			isa = XCBuildConfiguration;
			buildSettings = {
				BUNDLE_LOADER = "$(TEST_HOST)";
				CODE_SIGN_STYLE = Automatic;
				CURRENT_PROJECT_VERSION = 1;
				GENERATE_INFOPLIST_FILE = YES;
				MACOSX_DEPLOYMENT_TARGET = 14.7;
				MARKETING_VERSION = 1.0;
				PRODUCT_BUNDLE_IDENTIFIER = "com.xinyu.floating-todoTests";
				PRODUCT_NAME = "$(TARGET_NAME)";
				SWIFT_EMIT_LOC_STRINGS = NO;
				SWIFT_VERSION = 5.0;
				TEST_HOST = "$(BUILT_PRODUCTS_DIR)/floating_todo.app/$(BUNDLE_EXECUTABLE_FOLDER_PATH)/floating_todo";
			};
			name = Debug;
		};
		052BA9662D1917DA001B5896 /* Release */ = {
			isa = XCBuildConfiguration;
			buildSettings = {
				BUNDLE_LOADER = "$(TEST_HOST)";
				CODE_SIGN_STYLE = Automatic;
				CURRENT_PROJECT_VERSION = 1;
				GENERATE_INFOPLIST_FILE = YES;
				MACOSX_DEPLOYMENT_TARGET = 14.7;
				MARKETING_VERSION = 1.0;
				PRODUCT_BUNDLE_IDENTIFIER = "com.xinyu.floating-todoTests";
				PRODUCT_NAME = "$(TARGET_NAME)";
				SWIFT_EMIT_LOC_STRINGS = NO;
				SWIFT_VERSION = 5.0;
				TEST_HOST = "$(BUILT_PRODUCTS_DIR)/floating_todo.app/$(BUNDLE_EXECUTABLE_FOLDER_PATH)/floating_todo";
			};
			name = Release;
		};
		052BA9682D1917DA001B5896 /* Debug */ = {
			isa = XCBuildConfiguration;
			buildSettings = {
				CODE_SIGN_STYLE = Automatic;
				CURRENT_PROJECT_VERSION = 1;
				GENERATE_INFOPLIST_FILE = YES;
				MARKETING_VERSION = 1.0;
				PRODUCT_BUNDLE_IDENTIFIER = "com.xinyu.floating-todoUITests";
				PRODUCT_NAME = "$(TARGET_NAME)";
				SWIFT_EMIT_LOC_STRINGS = NO;
				SWIFT_VERSION = 5.0;
				TEST_TARGET_NAME = floating_todo;
			};
			name = Debug;
		};
		052BA9692D1917DA001B5896 /* Release */ = {
			isa = XCBuildConfiguration;
			buildSettings = {
				CODE_SIGN_STYLE = Automatic;
				CURRENT_PROJECT_VERSION = 1;
				GENERATE_INFOPLIST_FILE = YES;
				MARKETING_VERSION = 1.0;
				PRODUCT_BUNDLE_IDENTIFIER = "com.xinyu.floating-todoUITests";
				PRODUCT_NAME = "$(TARGET_NAME)";
				SWIFT_EMIT_LOC_STRINGS = NO;
				SWIFT_VERSION = 5.0;
				TEST_TARGET_NAME = floating_todo;
			};
			name = Release;
		};
/* End XCBuildConfiguration section */

/* Begin XCConfigurationList section */
		052BA9372D1917D9001B5896 /* Build configuration list for PBXProject "floating_todo" */ = {
			isa = XCConfigurationList;
			buildConfigurations = (
				052BA95F2D1917DA001B5896 /* Debug */,
				052BA9602D1917DA001B5896 /* Release */,
			);
			defaultConfigurationIsVisible = 0;
			defaultConfigurationName = Release;
		};
		052BA9612D1917DA001B5896 /* Build configuration list for PBXNativeTarget "floating_todo" */ = {
			isa = XCConfigurationList;
			buildConfigurations = (
				052BA9622D1917DA001B5896 /* Debug */,
				052BA9632D1917DA001B5896 /* Release */,
			);
			defaultConfigurationIsVisible = 0;
			defaultConfigurationName = Release;
		};
		052BA9642D1917DA001B5896 /* Build configuration list for PBXNativeTarget "floating_todoTests" */ = {
			isa = XCConfigurationList;
			buildConfigurations = (
				052BA9652D1917DA001B5896 /* Debug */,
				052BA9662D1917DA001B5896 /* Release */,
			);
			defaultConfigurationIsVisible = 0;
			defaultConfigurationName = Release;
		};
		052BA9672D1917DA001B5896 /* Build configuration list for PBXNativeTarget "floating_todoUITests" */ = {
			isa = XCConfigurationList;
			buildConfigurations = (
				052BA9682D1917DA001B5896 /* Debug */,
				052BA9692D1917DA001B5896 /* Release */,
			);
			defaultConfigurationIsVisible = 0;
			defaultConfigurationName = Release;
		};
/* End XCConfigurationList section */
	};
	rootObject = 052BA9342D1917D9001B5896 /* Project object */;
}
